Microsoft Visual Studio Solution File, Format Version 11.00
# Visual Studio 2008

Project("{C1C1A3B5-5954-E532-5A4F-7505D7DED2FD}") = "RunToGraduate", "Assembly-CSharp.csproj", "{15DEA437-9D14-A676-4C2A-835CB1104CAF}"
EndProject
Global
	GlobalSection(SolutionConfigurationPlatforms) = preSolution
		Debug|Any CPU = Debug|Any CPU
		Release|Any CPU = Release|Any CPU
	EndGlobalSection
	GlobalSection(ProjectConfigurationPlatforms) = postSolution
		{15DEA437-9D14-A676-4C2A-835CB1104CAF}.Debug|Any CPU.ActiveCfg = Debug|Any CPU
		{15DEA437-9D14-A676-4C2A-835CB1104CAF}.Debug|Any CPU.Build.0 = Debug|Any CPU
		{15DEA437-9D14-A676-4C2A-835CB1104CAF}.Release|Any CPU.ActiveCfg = Release|Any CPU
		{15DEA437-9D14-A676-4C2A-835CB1104CAF}.Release|Any CPU.Build.0 = Release|Any CPU
	EndGlobalSection
	GlobalSection(SolutionProperties) = preSolution
		HideSolutionNode = FALSE
	EndGlobalSection
	GlobalSection(MonoDevelopProperties) = preSolution
		StartupItem = Assembly-CSharp.csproj
	EndGlobalSection
EndGlobal
